
Microsoft Visual Studio Solution File, Format Version 12.00
# Visual Studio Version 17
VisualStudioVersion = 17.1.32407.343
MinimumVisualStudioVersion = 10.0.40219.1
Project("{8BC9CEB8-8B4A-11D0-8D11-00A0C91BC942}") = "Project2", "Project2.vcxproj", "{42F28425-C804-4A7C-9BF0-BFFF4F9054CA}"
EndProject
Global
	GlobalSection(SolutionConfigurationPlatforms) = preSolution
		Debug|x64 = Debug|x64
		Debug|x86 = Debug|x86
		Release|x64 = Release|x64
		Release|x86 = Release|x86
	EndGlobalSection
	GlobalSection(ProjectConfigurationPlatforms) = postSolution
		{42F28425-C804-4A7C-9BF0-BFFF4F9054CA}.Debug|x64.ActiveCfg = Debug|x64
		{42F28425-C804-4A7C-9BF0-BFFF4F9054CA}.Debug|x64.Build.0 = Debug|x64
		{42F28425-C804-4A7C-9BF0-BFFF4F9054CA}.Debug|x86.ActiveCfg = Debug|Win32
		{42F28425-C804-4A7C-9BF0-BFFF4F9054CA}.Debug|x86.Build.0 = Debug|Win32
		{42F28425-C804-4A7C-9BF0-BFFF4F9054CA}.Release|x64.ActiveCfg = Release|x64
		{42F28425-C804-4A7C-9BF0-BFFF4F9054CA}.Release|x64.Build.0 = Release|x64
		{42F28425-C804-4A7C-9BF0-BFFF4F9054CA}.Release|x86.ActiveCfg = Release|Win32
		{42F28425-C804-4A7C-9BF0-BFFF4F9054CA}.Release|x86.Build.0 = Release|Win32
	EndGlobalSection
	GlobalSection(SolutionProperties) = preSolution
		HideSolutionNode = FALSE
	EndGlobalSection
	GlobalSection(ExtensibilityGlobals) = postSolution
		SolutionGuid = {55EE33D0-C690-4953-8A6D-E968A5D31788}
	EndGlobalSection
EndGlobal
